<?xml version="1.0" encoding="utf-8"?>
<Project ToolsVersion="4.0" xmlns="http://schemas.microsoft.com/developer/msbuild/2003">
  <ItemGroup>
    <Filter Include="Source Files">
      <UniqueIdentifier>{4FC737F1-C7A5-4376-A066-2A32D752A2FF}</UniqueIdentifier>
      <Extensions>cpp;c;cc;cxx;c++;cppm;ixx;def;odl;idl;hpj;bat;asm;asmx</Extensions>
    </Filter>
    <Filter Include="Resource Files">
      <UniqueIdentifier>{67DA6AB6-F800-4c08-8B7A-83BB121AAD01}</UniqueIdentifier>
      <Extensions>rc;ico;cur;bmp;dlg;rc2;rct;bin;rgs;gif;jpg;jpeg;jpe;resx;tiff;tif;png;wav;mfcribbon-ms</Extensions>
    </Filter>
    <Filter Include="Fragment Shaders">
      <UniqueIdentifier>{c7096c09-41d5-4f25-a8d4-3093646f7cf9}</UniqueIdentifier>
    </Filter>
    <Filter Include="Vertex Shaders">
      <UniqueIdentifier>{c92a5f23-3610-48e0-9ea2-c50d00ac9467}</UniqueIdentifier>
    </Filter>
    <Filter Include="Header Files">
      <UniqueIdentifier>{93995380-89BD-4b04-88EB-625FBE52EBFB}</UniqueIdentifier>
      <Extensions>h;hh;hpp;hxx;h++;hm;inl;inc;ipp;xsd</Extensions>
    </Filter>
    <Filter Include="Source Files\glad">
      <UniqueIdentifier>{aa2ec1c5-1090-4265-aae9-2f2f7d525755}</UniqueIdentifier>
    </Filter>
    <Filter Include="Header Files\glad">
      <UniqueIdentifier>{4eb8b1d3-73f8-4f27-8a17-1e52a1de39d9}</UniqueIdentifier>
    </Filter>
    <Filter Include="Header Files\stb">
      <UniqueIdentifier>{f7bd4806-ff17-42bc-832f-0f0e428878cf}</UniqueIdentifier>
    </Filter>
  </ItemGroup>
  <ItemGroup>
    <ClInclude Include="Header Files\Shader.h">
      <Filter>Header Files</Filter>
    </ClInclude>
    <ClInclude Include="Header Files\ShaderProgram.h">
      <Filter>Header Files</Filter>
    </ClInclude>
    <ClInclude Include="Header Files\GraphicsSystem.h">
      <Filter>Header Files</Filter>
    </ClInclude>
    <ClInclude Include="Header Files\Mesh2D.h">
      <Filter>Header Files</Filter>
    </ClInclude>
    <ClInclude Include="..\glad\glad\glad.h">
      <Filter>Header Files\glad</Filter>
    </ClInclude>
    <ClInclude Include="..\glad\KHR\khrplatform.h">
      <Filter>Header Files\glad</Filter>
    </ClInclude>
    <ClInclude Include="Header Files\stb\stb_image.h">
      <Filter>Header Files\stb</Filter>
    </ClInclude>
    <ClInclude Include="Header Files\Texture2D.h">
      <Filter>Header Files</Filter>
    </ClInclude>
    <ClInclude Include="Header Files\ShaderManager.h">
      <Filter>Header Files</Filter>
    </ClInclude>
    <ClInclude Include="Header Files\Sprite.h">
      <Filter>Header Files</Filter>
    </ClInclude>
    <ClInclude Include="Header Files\AnimationData.h">
      <Filter>Header Files</Filter>
    </ClInclude>
    <ClInclude Include="Header Files\Animation.h">
      <Filter>Header Files</Filter>
    </ClInclude>
  </ItemGroup>
  <ItemGroup>
    <ClCompile Include="Source Files\GraphicsSystem.cpp">
      <Filter>Source Files</Filter>
    </ClCompile>
    <ClCompile Include="Source Files\Mesh2D.cpp">
      <Filter>Source Files</Filter>
    </ClCompile>
    <ClCompile Include="Source Files\Shader.cpp">
      <Filter>Source Files</Filter>
    </ClCompile>
    <ClCompile Include="Source Files\ShaderProgram.cpp">
      <Filter>Source Files</Filter>
    </ClCompile>
    <ClCompile Include="Source Files\glad\glad.c">
      <Filter>Source Files\glad</Filter>
    </ClCompile>
    <ClCompile Include="Source Files\Texture2D.cpp">
      <Filter>Source Files</Filter>
    </ClCompile>
    <ClCompile Include="Source Files\ShaderManager.cpp">
      <Filter>Source Files</Filter>
    </ClCompile>
    <ClCompile Include="Source Files\Sprite.cpp">
      <Filter>Source Files</Filter>
    </ClCompile>
    <ClCompile Include="Source Files\AnimationData.cpp">
      <Filter>Source Files</Filter>
    </ClCompile>
    <ClCompile Include="Source Files\Animation.cpp">
      <Filter>Source Files</Filter>
    </ClCompile>
  </ItemGroup>
  <ItemGroup>
    <None Include="Fragment Shaders\yellow.frag">
      <Filter>Fragment Shaders</Filter>
    </None>
    <None Include="Vertex Shaders\basic.vert">
      <Filter>Vertex Shaders</Filter>
    </None>
    <None Include="Fragment Shaders\triColor.frag">
      <Filter>Fragment Shaders</Filter>
    </None>
    <None Include="Fragment Shaders\test.frag">
      <Filter>Fragment Shaders</Filter>
    </None>
    <None Include="Vertex Shaders\test.vert">
      <Filter>Vertex Shaders</Filter>
    </None>
    <None Include="Vertex Shaders\textured.vert">
      <Filter>Vertex Shaders</Filter>
    </None>
    <None Include="Fragment Shaders\textured.frag">
      <Filter>Fragment Shaders</Filter>
    </None>
  </ItemGroup>
  <ItemGroup>
    <Image Include="Resource Files\wall.jpg">
      <Filter>Resource Files</Filter>
    </Image>
    <Image Include="Resource Files\awesomeface.png">
      <Filter>Resource Files</Filter>
    </Image>
  </ItemGroup>
</Project>