<?xml version="1.0" encoding="utf-8"?>
<Project ToolsVersion="16.0" xmlns="http://schemas.microsoft.com/developer/msbuild/2003">
  <ItemGroup>
    <ClCompile Include="E:\RedEngine\raylib-cpp\projects\CMake\main.cpp">
      <Filter>Source Files</Filter>
    </ClCompile>
  </ItemGroup>
  <ItemGroup>
    <CustomBuild Include="E:\RedEngine\raylib-cpp\projects\CMake\CMakeLists.txt" />
  </ItemGroup>
  <ItemGroup>
    <Filter Include="Source Files">
      <UniqueIdentifier>{FB2FC60C-8551-3BA6-9DEE-9026414DD4FC}</UniqueIdentifier>
    </Filter>
  </ItemGroup>
</Project>
