
Microsoft Visual Studio Solution File, Format Version 12.00
# Visual Studio Version 16
VisualStudioVersion = 16.0.31205.134
MinimumVisualStudioVersion = 10.0.40219.1
Project("{2150E333-8FDC-42A3-9474-1A3956D46DE8}") = "CMakePredefinedTargets", "CMakePredefinedTargets", "{06249E02-E826-3A53-A5AA-E60B5D4AEA2D}"
EndProject
Project("{2150E333-8FDC-42A3-9474-1A3956D46DE8}") = "GLFW3", "GLFW3", "{271975D7-E0DF-304E-9661-E77E98A9C41C}"
EndProject
Project("{8BC9CEB8-8B4A-11D0-8D11-00A0C91BC942}") = "ALL_BUILD", "ALL_BUILD.vcxproj", "{2AACC5BA-252C-3159-9B5D-BB28F05D3D47}"
	ProjectSection(ProjectDependencies) = postProject
		{AC2A0E14-8F2A-3CF7-9A9B-C4177AD79394} = {AC2A0E14-8F2A-3CF7-9A9B-C4177AD79394}
		{3E126E79-6F41-31C2-8536-701D0E6123A1} = {3E126E79-6F41-31C2-8536-701D0E6123A1}
		{F374EA91-667B-3121-937A-CB432290D275} = {F374EA91-667B-3121-937A-CB432290D275}
		{71642D93-0B75-361B-8979-BFAEA43B131F} = {71642D93-0B75-361B-8979-BFAEA43B131F}
		{01989BE7-0DFC-3D35-A3A1-DA99F560140F} = {01989BE7-0DFC-3D35-A3A1-DA99F560140F}
	EndProjectSection
EndProject
Project("{8BC9CEB8-8B4A-11D0-8D11-00A0C91BC942}") = "INSTALL", "INSTALL.vcxproj", "{661252D4-79C1-3A1F-BBEC-23075B47529E}"
	ProjectSection(ProjectDependencies) = postProject
		{2AACC5BA-252C-3159-9B5D-BB28F05D3D47} = {2AACC5BA-252C-3159-9B5D-BB28F05D3D47}
		{01989BE7-0DFC-3D35-A3A1-DA99F560140F} = {01989BE7-0DFC-3D35-A3A1-DA99F560140F}
	EndProjectSection
EndProject
Project("{8BC9CEB8-8B4A-11D0-8D11-00A0C91BC942}") = "PACKAGE", "PACKAGE.vcxproj", "{81578299-D142-3565-B44C-9252480D2DD3}"
	ProjectSection(ProjectDependencies) = postProject
		{2AACC5BA-252C-3159-9B5D-BB28F05D3D47} = {2AACC5BA-252C-3159-9B5D-BB28F05D3D47}
		{01989BE7-0DFC-3D35-A3A1-DA99F560140F} = {01989BE7-0DFC-3D35-A3A1-DA99F560140F}
	EndProjectSection
EndProject
Project("{8BC9CEB8-8B4A-11D0-8D11-00A0C91BC942}") = "SampleGame", "RedEngine.vcxproj", "{3E126E79-6F41-31C2-8536-701D0E6123A1}"
	ProjectSection(ProjectDependencies) = postProject
		{F374EA91-667B-3121-937A-CB432290D275} = {F374EA91-667B-3121-937A-CB432290D275}
		{71642D93-0B75-361B-8979-BFAEA43B131F} = {71642D93-0B75-361B-8979-BFAEA43B131F}
		{01989BE7-0DFC-3D35-A3A1-DA99F560140F} = {01989BE7-0DFC-3D35-A3A1-DA99F560140F}
	EndProjectSection
EndProject
Project("{8BC9CEB8-8B4A-11D0-8D11-00A0C91BC942}") = "ZERO_CHECK", "ZERO_CHECK.vcxproj", "{01989BE7-0DFC-3D35-A3A1-DA99F560140F}"
EndProject
Project("{8BC9CEB8-8B4A-11D0-8D11-00A0C91BC942}") = "glfw", "_deps\raylib-build\raylib\external\glfw\src\glfw.vcxproj", "{71642D93-0B75-361B-8979-BFAEA43B131F}"
	ProjectSection(ProjectDependencies) = postProject
		{AC2A0E14-8F2A-3CF7-9A9B-C4177AD79394} = {AC2A0E14-8F2A-3CF7-9A9B-C4177AD79394}
		{01989BE7-0DFC-3D35-A3A1-DA99F560140F} = {01989BE7-0DFC-3D35-A3A1-DA99F560140F}
	EndProjectSection
EndProject
Project("{8BC9CEB8-8B4A-11D0-8D11-00A0C91BC942}") = "glfw_objlib", "_deps\raylib-build\raylib\external\glfw\src\glfw_objlib.vcxproj", "{AC2A0E14-8F2A-3CF7-9A9B-C4177AD79394}"
	ProjectSection(ProjectDependencies) = postProject
		{01989BE7-0DFC-3D35-A3A1-DA99F560140F} = {01989BE7-0DFC-3D35-A3A1-DA99F560140F}
	EndProjectSection
EndProject
Project("{8BC9CEB8-8B4A-11D0-8D11-00A0C91BC942}") = "raylib", "_deps\raylib-build\raylib\raylib.vcxproj", "{F374EA91-667B-3121-937A-CB432290D275}"
	ProjectSection(ProjectDependencies) = postProject
		{AC2A0E14-8F2A-3CF7-9A9B-C4177AD79394} = {AC2A0E14-8F2A-3CF7-9A9B-C4177AD79394}
		{71642D93-0B75-361B-8979-BFAEA43B131F} = {71642D93-0B75-361B-8979-BFAEA43B131F}
		{01989BE7-0DFC-3D35-A3A1-DA99F560140F} = {01989BE7-0DFC-3D35-A3A1-DA99F560140F}
	EndProjectSection
EndProject
Project("{8BC9CEB8-8B4A-11D0-8D11-00A0C91BC942}") = "RedEngine", "..\SampleGame\SampleGame.vcxproj", "{B9D9F968-61EB-4AA4-A2BC-014CAB21ACFC}"
EndProject
Global
	GlobalSection(SolutionConfigurationPlatforms) = preSolution
		Debug|x64 = Debug|x64
		Debug|x86 = Debug|x86
		MinSizeRel|x64 = MinSizeRel|x64
		MinSizeRel|x86 = MinSizeRel|x86
		Release|x64 = Release|x64
		Release|x86 = Release|x86
		RelWithDebInfo|x64 = RelWithDebInfo|x64
		RelWithDebInfo|x86 = RelWithDebInfo|x86
	EndGlobalSection
	GlobalSection(ProjectConfigurationPlatforms) = postSolution
		{2AACC5BA-252C-3159-9B5D-BB28F05D3D47}.Debug|x64.ActiveCfg = Debug|x64
		{2AACC5BA-252C-3159-9B5D-BB28F05D3D47}.Debug|x64.Build.0 = Debug|x64
		{2AACC5BA-252C-3159-9B5D-BB28F05D3D47}.Debug|x86.ActiveCfg = Debug|x64
		{2AACC5BA-252C-3159-9B5D-BB28F05D3D47}.MinSizeRel|x64.ActiveCfg = MinSizeRel|x64
		{2AACC5BA-252C-3159-9B5D-BB28F05D3D47}.MinSizeRel|x64.Build.0 = MinSizeRel|x64
		{2AACC5BA-252C-3159-9B5D-BB28F05D3D47}.MinSizeRel|x86.ActiveCfg = MinSizeRel|x64
		{2AACC5BA-252C-3159-9B5D-BB28F05D3D47}.Release|x64.ActiveCfg = Release|x64
		{2AACC5BA-252C-3159-9B5D-BB28F05D3D47}.Release|x64.Build.0 = Release|x64
		{2AACC5BA-252C-3159-9B5D-BB28F05D3D47}.Release|x86.ActiveCfg = Release|x64
		{2AACC5BA-252C-3159-9B5D-BB28F05D3D47}.RelWithDebInfo|x64.ActiveCfg = RelWithDebInfo|x64
		{2AACC5BA-252C-3159-9B5D-BB28F05D3D47}.RelWithDebInfo|x64.Build.0 = RelWithDebInfo|x64
		{2AACC5BA-252C-3159-9B5D-BB28F05D3D47}.RelWithDebInfo|x86.ActiveCfg = RelWithDebInfo|x64
		{661252D4-79C1-3A1F-BBEC-23075B47529E}.Debug|x64.ActiveCfg = Debug|x64
		{661252D4-79C1-3A1F-BBEC-23075B47529E}.Debug|x86.ActiveCfg = Debug|x64
		{661252D4-79C1-3A1F-BBEC-23075B47529E}.MinSizeRel|x64.ActiveCfg = MinSizeRel|x64
		{661252D4-79C1-3A1F-BBEC-23075B47529E}.MinSizeRel|x86.ActiveCfg = MinSizeRel|x64
		{661252D4-79C1-3A1F-BBEC-23075B47529E}.Release|x64.ActiveCfg = Release|x64
		{661252D4-79C1-3A1F-BBEC-23075B47529E}.Release|x86.ActiveCfg = Release|x64
		{661252D4-79C1-3A1F-BBEC-23075B47529E}.RelWithDebInfo|x64.ActiveCfg = RelWithDebInfo|x64
		{661252D4-79C1-3A1F-BBEC-23075B47529E}.RelWithDebInfo|x86.ActiveCfg = RelWithDebInfo|x64
		{81578299-D142-3565-B44C-9252480D2DD3}.Debug|x64.ActiveCfg = Debug|x64
		{81578299-D142-3565-B44C-9252480D2DD3}.Debug|x86.ActiveCfg = Debug|x64
		{81578299-D142-3565-B44C-9252480D2DD3}.MinSizeRel|x64.ActiveCfg = MinSizeRel|x64
		{81578299-D142-3565-B44C-9252480D2DD3}.MinSizeRel|x86.ActiveCfg = MinSizeRel|x64
		{81578299-D142-3565-B44C-9252480D2DD3}.Release|x64.ActiveCfg = Release|x64
		{81578299-D142-3565-B44C-9252480D2DD3}.Release|x86.ActiveCfg = Release|x64
		{81578299-D142-3565-B44C-9252480D2DD3}.RelWithDebInfo|x64.ActiveCfg = RelWithDebInfo|x64
		{81578299-D142-3565-B44C-9252480D2DD3}.RelWithDebInfo|x86.ActiveCfg = RelWithDebInfo|x64
		{3E126E79-6F41-31C2-8536-701D0E6123A1}.Debug|x64.ActiveCfg = Debug|x64
		{3E126E79-6F41-31C2-8536-701D0E6123A1}.Debug|x64.Build.0 = Debug|x64
		{3E126E79-6F41-31C2-8536-701D0E6123A1}.Debug|x86.ActiveCfg = Debug|x64
		{3E126E79-6F41-31C2-8536-701D0E6123A1}.MinSizeRel|x64.ActiveCfg = MinSizeRel|x64
		{3E126E79-6F41-31C2-8536-701D0E6123A1}.MinSizeRel|x64.Build.0 = MinSizeRel|x64
		{3E126E79-6F41-31C2-8536-701D0E6123A1}.MinSizeRel|x86.ActiveCfg = MinSizeRel|x64
		{3E126E79-6F41-31C2-8536-701D0E6123A1}.Release|x64.ActiveCfg = Release|x64
		{3E126E79-6F41-31C2-8536-701D0E6123A1}.Release|x64.Build.0 = Release|x64
		{3E126E79-6F41-31C2-8536-701D0E6123A1}.Release|x86.ActiveCfg = Release|x64
		{3E126E79-6F41-31C2-8536-701D0E6123A1}.RelWithDebInfo|x64.ActiveCfg = RelWithDebInfo|x64
		{3E126E79-6F41-31C2-8536-701D0E6123A1}.RelWithDebInfo|x64.Build.0 = RelWithDebInfo|x64
		{3E126E79-6F41-31C2-8536-701D0E6123A1}.RelWithDebInfo|x86.ActiveCfg = RelWithDebInfo|x64
		{01989BE7-0DFC-3D35-A3A1-DA99F560140F}.Debug|x64.ActiveCfg = Debug|x64
		{01989BE7-0DFC-3D35-A3A1-DA99F560140F}.Debug|x64.Build.0 = Debug|x64
		{01989BE7-0DFC-3D35-A3A1-DA99F560140F}.Debug|x86.ActiveCfg = Debug|x64
		{01989BE7-0DFC-3D35-A3A1-DA99F560140F}.MinSizeRel|x64.ActiveCfg = MinSizeRel|x64
		{01989BE7-0DFC-3D35-A3A1-DA99F560140F}.MinSizeRel|x64.Build.0 = MinSizeRel|x64
		{01989BE7-0DFC-3D35-A3A1-DA99F560140F}.MinSizeRel|x86.ActiveCfg = MinSizeRel|x64
		{01989BE7-0DFC-3D35-A3A1-DA99F560140F}.Release|x64.ActiveCfg = Release|x64
		{01989BE7-0DFC-3D35-A3A1-DA99F560140F}.Release|x64.Build.0 = Release|x64
		{01989BE7-0DFC-3D35-A3A1-DA99F560140F}.Release|x86.ActiveCfg = Release|x64
		{01989BE7-0DFC-3D35-A3A1-DA99F560140F}.RelWithDebInfo|x64.ActiveCfg = RelWithDebInfo|x64
		{01989BE7-0DFC-3D35-A3A1-DA99F560140F}.RelWithDebInfo|x64.Build.0 = RelWithDebInfo|x64
		{01989BE7-0DFC-3D35-A3A1-DA99F560140F}.RelWithDebInfo|x86.ActiveCfg = RelWithDebInfo|x64
		{71642D93-0B75-361B-8979-BFAEA43B131F}.Debug|x64.ActiveCfg = Debug|x64
		{71642D93-0B75-361B-8979-BFAEA43B131F}.Debug|x64.Build.0 = Debug|x64
		{71642D93-0B75-361B-8979-BFAEA43B131F}.Debug|x86.ActiveCfg = Debug|x64
		{71642D93-0B75-361B-8979-BFAEA43B131F}.MinSizeRel|x64.ActiveCfg = MinSizeRel|x64
		{71642D93-0B75-361B-8979-BFAEA43B131F}.MinSizeRel|x64.Build.0 = MinSizeRel|x64
		{71642D93-0B75-361B-8979-BFAEA43B131F}.MinSizeRel|x86.ActiveCfg = MinSizeRel|x64
		{71642D93-0B75-361B-8979-BFAEA43B131F}.Release|x64.ActiveCfg = Release|x64
		{71642D93-0B75-361B-8979-BFAEA43B131F}.Release|x64.Build.0 = Release|x64
		{71642D93-0B75-361B-8979-BFAEA43B131F}.Release|x86.ActiveCfg = Release|x64
		{71642D93-0B75-361B-8979-BFAEA43B131F}.RelWithDebInfo|x64.ActiveCfg = RelWithDebInfo|x64
		{71642D93-0B75-361B-8979-BFAEA43B131F}.RelWithDebInfo|x64.Build.0 = RelWithDebInfo|x64
		{71642D93-0B75-361B-8979-BFAEA43B131F}.RelWithDebInfo|x86.ActiveCfg = RelWithDebInfo|x64
		{AC2A0E14-8F2A-3CF7-9A9B-C4177AD79394}.Debug|x64.ActiveCfg = Debug|x64
		{AC2A0E14-8F2A-3CF7-9A9B-C4177AD79394}.Debug|x64.Build.0 = Debug|x64
		{AC2A0E14-8F2A-3CF7-9A9B-C4177AD79394}.Debug|x86.ActiveCfg = Debug|x64
		{AC2A0E14-8F2A-3CF7-9A9B-C4177AD79394}.MinSizeRel|x64.ActiveCfg = MinSizeRel|x64
		{AC2A0E14-8F2A-3CF7-9A9B-C4177AD79394}.MinSizeRel|x64.Build.0 = MinSizeRel|x64
		{AC2A0E14-8F2A-3CF7-9A9B-C4177AD79394}.MinSizeRel|x86.ActiveCfg = MinSizeRel|x64
		{AC2A0E14-8F2A-3CF7-9A9B-C4177AD79394}.Release|x64.ActiveCfg = Release|x64
		{AC2A0E14-8F2A-3CF7-9A9B-C4177AD79394}.Release|x64.Build.0 = Release|x64
		{AC2A0E14-8F2A-3CF7-9A9B-C4177AD79394}.Release|x86.ActiveCfg = Release|x64
		{AC2A0E14-8F2A-3CF7-9A9B-C4177AD79394}.RelWithDebInfo|x64.ActiveCfg = RelWithDebInfo|x64
		{AC2A0E14-8F2A-3CF7-9A9B-C4177AD79394}.RelWithDebInfo|x64.Build.0 = RelWithDebInfo|x64
		{AC2A0E14-8F2A-3CF7-9A9B-C4177AD79394}.RelWithDebInfo|x86.ActiveCfg = RelWithDebInfo|x64
		{F374EA91-667B-3121-937A-CB432290D275}.Debug|x64.ActiveCfg = Debug|x64
		{F374EA91-667B-3121-937A-CB432290D275}.Debug|x64.Build.0 = Debug|x64
		{F374EA91-667B-3121-937A-CB432290D275}.Debug|x86.ActiveCfg = Debug|x64
		{F374EA91-667B-3121-937A-CB432290D275}.MinSizeRel|x64.ActiveCfg = MinSizeRel|x64
		{F374EA91-667B-3121-937A-CB432290D275}.MinSizeRel|x64.Build.0 = MinSizeRel|x64
		{F374EA91-667B-3121-937A-CB432290D275}.MinSizeRel|x86.ActiveCfg = MinSizeRel|x64
		{F374EA91-667B-3121-937A-CB432290D275}.Release|x64.ActiveCfg = Release|x64
		{F374EA91-667B-3121-937A-CB432290D275}.Release|x64.Build.0 = Release|x64
		{F374EA91-667B-3121-937A-CB432290D275}.Release|x86.ActiveCfg = Release|x64
		{F374EA91-667B-3121-937A-CB432290D275}.RelWithDebInfo|x64.ActiveCfg = RelWithDebInfo|x64
		{F374EA91-667B-3121-937A-CB432290D275}.RelWithDebInfo|x64.Build.0 = RelWithDebInfo|x64
		{F374EA91-667B-3121-937A-CB432290D275}.RelWithDebInfo|x86.ActiveCfg = RelWithDebInfo|x64
		{B9D9F968-61EB-4AA4-A2BC-014CAB21ACFC}.Debug|x64.ActiveCfg = Debug|x64
		{B9D9F968-61EB-4AA4-A2BC-014CAB21ACFC}.Debug|x64.Build.0 = Debug|x64
		{B9D9F968-61EB-4AA4-A2BC-014CAB21ACFC}.Debug|x86.ActiveCfg = Debug|x64
		{B9D9F968-61EB-4AA4-A2BC-014CAB21ACFC}.MinSizeRel|x64.ActiveCfg = MinSizeRel|x64
		{B9D9F968-61EB-4AA4-A2BC-014CAB21ACFC}.MinSizeRel|x64.Build.0 = MinSizeRel|x64
		{B9D9F968-61EB-4AA4-A2BC-014CAB21ACFC}.MinSizeRel|x86.ActiveCfg = MinSizeRel|x64
		{B9D9F968-61EB-4AA4-A2BC-014CAB21ACFC}.Release|x64.ActiveCfg = Release|x64
		{B9D9F968-61EB-4AA4-A2BC-014CAB21ACFC}.Release|x64.Build.0 = Release|x64
		{B9D9F968-61EB-4AA4-A2BC-014CAB21ACFC}.Release|x86.ActiveCfg = Release|x64
		{B9D9F968-61EB-4AA4-A2BC-014CAB21ACFC}.RelWithDebInfo|x64.ActiveCfg = RelWithDebInfo|x64
		{B9D9F968-61EB-4AA4-A2BC-014CAB21ACFC}.RelWithDebInfo|x64.Build.0 = RelWithDebInfo|x64
		{B9D9F968-61EB-4AA4-A2BC-014CAB21ACFC}.RelWithDebInfo|x86.ActiveCfg = RelWithDebInfo|x64
	EndGlobalSection
	GlobalSection(SolutionProperties) = preSolution
		HideSolutionNode = FALSE
	EndGlobalSection
	GlobalSection(NestedProjects) = preSolution
		{2AACC5BA-252C-3159-9B5D-BB28F05D3D47} = {06249E02-E826-3A53-A5AA-E60B5D4AEA2D}
		{661252D4-79C1-3A1F-BBEC-23075B47529E} = {06249E02-E826-3A53-A5AA-E60B5D4AEA2D}
		{81578299-D142-3565-B44C-9252480D2DD3} = {06249E02-E826-3A53-A5AA-E60B5D4AEA2D}
		{01989BE7-0DFC-3D35-A3A1-DA99F560140F} = {06249E02-E826-3A53-A5AA-E60B5D4AEA2D}
		{71642D93-0B75-361B-8979-BFAEA43B131F} = {271975D7-E0DF-304E-9661-E77E98A9C41C}
	EndGlobalSection
	GlobalSection(ExtensibilityGlobals) = postSolution
		SolutionGuid = {7ED99176-9380-3D79-B827-A097AF6B494F}
	EndGlobalSection
EndGlobal
